
Microsoft Visual Studio Solution File, Format Version 12.00
Project("{FAE04EC0-301F-11D3-BF4B-00C04F79EFBC}") = "FunctionalProgramming", "FunctionalProgramming\FunctionalProgramming.csproj", "{2BAFC3B5-C070-48A1-8BB2-A0F2B1C2AABF}"
EndProject
Global
	GlobalSection(SolutionConfigurationPlatforms) = preSolution
		Debug|Any CPU = Debug|Any CPU
		Release|Any CPU = Release|Any CPU
	EndGlobalSection
	GlobalSection(ProjectConfigurationPlatforms) = postSolution
		{2BAFC3B5-C070-48A1-8BB2-A0F2B1C2AABF}.Debug|Any CPU.ActiveCfg = Debug|Any CPU
		{2BAFC3B5-C070-48A1-8BB2-A0F2B1C2AABF}.Debug|Any CPU.Build.0 = Debug|Any CPU
		{2BAFC3B5-C070-48A1-8BB2-A0F2B1C2AABF}.Release|Any CPU.ActiveCfg = Release|Any CPU
		{2BAFC3B5-C070-48A1-8BB2-A0F2B1C2AABF}.Release|Any CPU.Build.0 = Release|Any CPU
	EndGlobalSection
EndGlobal
